// !$*UTF8*$!
{
	archiveVersion = 1;
	classes = {
	};
	objectVersion = 56;
	objects = {

/* Begin PBXBuildFile section */
		02BD79CDDC09A9086DDA141E /* MainViewController.swift in Sources */ = {isa = PBXBuildFile; fileRef = A3E77D9CC5042A20FE851E8F /* MainViewController.swift */; };
		08E1E447BFBA4F7468CED955 /* ClipboardManager.swift in Sources */ = {isa = PBXBuildFile; fileRef = 483BA38EFA272BC43A5D6F30 /* ClipboardManager.swift */; };
		11B53EA8001DAFC851F2C6F0 /* AppDelegate.swift in Sources */ = {isa = PBXBuildFile; fileRef = 6B972B4D8BD2A07F893120CF /* AppDelegate.swift */; };
		BB001122334455667788AA01 /* SonosManager.swift in Sources */ = {isa = PBXBuildFile; fileRef = BB001122334455667788AA02 /* SonosManager.swift */; };
		BB001122334455667788AA03 /* SonosViewController.swift in Sources */ = {isa = PBXBuildFile; fileRef = BB001122334455667788AA04 /* SonosViewController.swift */; };
		B0B77E0928774DCEAFB134A2 /* AppPreferences.swift in Sources */ = {isa = PBXBuildFile; fileRef = 8E4BBF7597E0417BBA983BDB /* AppPreferences.swift */; };
		0F80344214EB4770B3A56FDB /* SettingsViewController.swift in Sources */ = {isa = PBXBuildFile; fileRef = 04D65A39FEE94CCDAEA0A9BE /* SettingsViewController.swift */; };
		12E3EB78F6FC2216005D79AB /* ClipboardViewController.swift in Sources */ = {isa = PBXBuildFile; fileRef = 1BDE13CF465E4878B9D9CA6B /* ClipboardViewController.swift */; };
		5515571D479DF7B429ADF74E /* IOKit.framework in Frameworks */ = {isa = PBXBuildFile; fileRef = 3680A99A870879E822452B00 /* IOKit.framework */; };
		CA001122334455667788CCDD /* Carbon.framework in Frameworks */ = {isa = PBXBuildFile; fileRef = DA001122334455667788CCDD /* Carbon.framework */; };
		8C6175E7D4401E660D1F31DF /* Assets.xcassets in Resources */ = {isa = PBXBuildFile; fileRef = 9AEDEAF1F77B8642ABE52850 /* Assets.xcassets */; };
		97FFC61C3BE0F5010A9D3575 /* ColorPickerViewController.swift in Sources */ = {isa = PBXBuildFile; fileRef = 461C9E0912103B3841F54A03 /* ColorPickerViewController.swift */; };
		6193DEA7077B67B609884F5E /* MainWindowController.swift in Sources */ = {isa = PBXBuildFile; fileRef = 7A5B16DC25507DE218CFF3F3 /* MainWindowController.swift */; };
		A5B6EC62F6A38B7F074CB318 /* PreferencesWindowController.swift in Sources */ = {isa = PBXBuildFile; fileRef = EFCF485B8E215062E33CA80B /* PreferencesWindowController.swift */; };
/* End PBXBuildFile section */

/* Begin PBXFileReference section */
		1BDE13CF465E4878B9D9CA6B /* ClipboardViewController.swift */ = {isa = PBXFileReference; lastKnownFileType = sourcecode.swift; path = ClipboardViewController.swift; sourceTree = "<group>"; };
		BB001122334455667788AA02 /* SonosManager.swift */ = {isa = PBXFileReference; lastKnownFileType = sourcecode.swift; path = SonosManager.swift; sourceTree = "<group>"; };
		BB001122334455667788AA04 /* SonosViewController.swift */ = {isa = PBXFileReference; lastKnownFileType = sourcecode.swift; path = SonosViewController.swift; sourceTree = "<group>"; };
			8E4BBF7597E0417BBA983BDB /* AppPreferences.swift */ = {isa = PBXFileReference; lastKnownFileType = sourcecode.swift; path = AppPreferences.swift; sourceTree = "<group>"; };
			04D65A39FEE94CCDAEA0A9BE /* SettingsViewController.swift */ = {isa = PBXFileReference; lastKnownFileType = sourcecode.swift; path = SettingsViewController.swift; sourceTree = "<group>"; };
		3680A99A870879E822452B00 /* IOKit.framework */ = {isa = PBXFileReference; lastKnownFileType = wrapper.framework; name = IOKit.framework; path = System/Library/Frameworks/IOKit.framework; sourceTree = SDKROOT; };
		DA001122334455667788CCDD /* Carbon.framework */ = {isa = PBXFileReference; lastKnownFileType = wrapper.framework; name = Carbon.framework; path = System/Library/Frameworks/Carbon.framework; sourceTree = SDKROOT; };
		461C9E0912103B3841F54A03 /* ColorPickerViewController.swift */ = {isa = PBXFileReference; lastKnownFileType = sourcecode.swift; path = ColorPickerViewController.swift; sourceTree = "<group>"; };
		483BA38EFA272BC43A5D6F30 /* ClipboardManager.swift */ = {isa = PBXFileReference; lastKnownFileType = sourcecode.swift; path = ClipboardManager.swift; sourceTree = "<group>"; };
		6B972B4D8BD2A07F893120CF /* AppDelegate.swift */ = {isa = PBXFileReference; lastKnownFileType = sourcecode.swift; path = AppDelegate.swift; sourceTree = "<group>"; };
		9AEDEAF1F77B8642ABE52850 /* Assets.xcassets */ = {isa = PBXFileReference; lastKnownFileType = folder.assetcatalog; path = Assets.xcassets; sourceTree = "<group>"; };
		A3E77D9CC5042A20FE851E8F /* MainViewController.swift */ = {isa = PBXFileReference; lastKnownFileType = sourcecode.swift; path = MainViewController.swift; sourceTree = "<group>"; };
		A9332B9E05BD76D35DAE8E27 /* Info.plist */ = {isa = PBXFileReference; lastKnownFileType = text.plist.xml; path = Info.plist; sourceTree = "<group>"; };
		ACAE51DF737812F53583CC9F /* bartool.entitlements */ = {isa = PBXFileReference; lastKnownFileType = text.plist.entitlements; path = bartool.entitlements; sourceTree = "<group>"; };
		B7FA166B3D2D812B47B67F76 /* bartool.app */ = {isa = PBXFileReference; explicitFileType = wrapper.application; includeInIndex = 0; path = bartool.app; sourceTree = BUILT_PRODUCTS_DIR; };
		7A5B16DC25507DE218CFF3F3 /* MainWindowController.swift */ = {isa = PBXFileReference; lastKnownFileType = sourcecode.swift; path = MainWindowController.swift; sourceTree = "<group>"; };
		EFCF485B8E215062E33CA80B /* PreferencesWindowController.swift */ = {isa = PBXFileReference; lastKnownFileType = sourcecode.swift; path = PreferencesWindowController.swift; sourceTree = "<group>"; };
/* End PBXFileReference section */

/* Begin PBXFrameworksBuildPhase section */
		71FE200D317990948E24D8EE /* Frameworks */ = {
			isa = PBXFrameworksBuildPhase;
			buildActionMask = 2147483647;
			files = (
				5515571D479DF7B429ADF74E /* IOKit.framework in Frameworks */,
			);
			runOnlyForDeploymentPostprocessing = 0;
		};
/* End PBXFrameworksBuildPhase section */

/* Begin PBXGroup section */
		3E846DFE51C64B1F1F075C1D /* Features */ = {
			isa = PBXGroup;
			children = (
				483BA38EFA272BC43A5D6F30 /* ClipboardManager.swift */,
				1BDE13CF465E4878B9D9CA6B /* ClipboardViewController.swift */,
				BB001122334455667788AA02 /* SonosManager.swift */,
				BB001122334455667788AA04 /* SonosViewController.swift */,
				8E4BBF7597E0417BBA983BDB /* AppPreferences.swift */,
				04D65A39FEE94CCDAEA0A9BE /* SettingsViewController.swift */,
				461C9E0912103B3841F54A03 /* ColorPickerViewController.swift */,
			);
			path = Features;
			sourceTree = "<group>";
		};
		40A070B7FCFBE6AAEA6BFE5B = {
			isa = PBXGroup;
			children = (
				5C999E731352905727541C3C /* bartool */,
				6D159F361021D92BC3E10E55 /* Products */,
				EE28262D2F8687F4003F0539 /* Recovered References */,
			);
			sourceTree = "<group>";
		};
		5C999E731352905727541C3C /* bartool */ = {
			isa = PBXGroup;
			children = (
				6B972B4D8BD2A07F893120CF /* AppDelegate.swift */,
				A3E77D9CC5042A20FE851E8F /* MainViewController.swift */,
				7A5B16DC25507DE218CFF3F3 /* MainWindowController.swift */,
				EFCF485B8E215062E33CA80B /* PreferencesWindowController.swift */,
				3E846DFE51C64B1F1F075C1D /* Features */,
				9AEDEAF1F77B8642ABE52850 /* Assets.xcassets */,
				A9332B9E05BD76D35DAE8E27 /* Info.plist */,
				ACAE51DF737812F53583CC9F /* bartool.entitlements */,
			);
			path = bartool;
			sourceTree = "<group>";
		};
		6D159F361021D92BC3E10E55 /* Products */ = {
			isa = PBXGroup;
			children = (
				B7FA166B3D2D812B47B67F76 /* bartool.app */,
			);
			name = Products;
			sourceTree = "<group>";
		};
		EE28262D2F8687F4003F0539 /* Recovered References */ = {
			isa = PBXGroup;
			children = (
				3680A99A870879E822452B00 /* IOKit.framework */,
				DA001122334455667788CCDD /* Carbon.framework */,
			);
			name = "Recovered References";
			sourceTree = "<group>";
		};
/* End PBXGroup section */

/* Begin PBXNativeTarget section */
		C41A31890959544C6523AF68 /* bartool */ = {
			isa = PBXNativeTarget;
			buildConfigurationList = 8E685174BE90EC08320FD218 /* Build configuration list for PBXNativeTarget "bartool" */;
			buildPhases = (
				A7BB88F141516E17F21602B2 /* Sources */,
				71FE200D317990948E24D8EE /* Frameworks */,
				AF5FE74DAAF3C2BCB23F9A40 /* Resources */,
			);
			buildRules = (
			);
			dependencies = (
			);
			name = bartool;
			productName = bartool;
			productReference = B7FA166B3D2D812B47B67F76 /* bartool.app */;
			productType = "com.apple.product-type.application";
		};
/* End PBXNativeTarget section */

/* Begin PBXProject section */
		9E727FDD3AEC8274F4668544 /* Project object */ = {
			isa = PBXProject;
			attributes = {
				BuildIndependentTargetsInParallel = 1;
				LastSwiftUpdateCheck = 1500;
				LastUpgradeCheck = 2640;
				TargetAttributes = {
					C41A31890959544C6523AF68 = {
						CreatedOnToolsVersion = 15.0;
					};
				};
			};
			buildConfigurationList = 7F4128559CAD2757E0120A58 /* Build configuration list for PBXProject "bartool" */;
			compatibilityVersion = "Xcode 14.0";
			developmentRegion = en;
			hasScannedForEncodings = 0;
			knownRegions = (
				en,
				Base,
			);
			mainGroup = 40A070B7FCFBE6AAEA6BFE5B;
			productRefGroup = 6D159F361021D92BC3E10E55 /* Products */;
			projectDirPath = "";
			projectRoot = "";
			targets = (
				C41A31890959544C6523AF68 /* bartool */,
			);
		};
/* End PBXProject section */

/* Begin PBXResourcesBuildPhase section */
		AF5FE74DAAF3C2BCB23F9A40 /* Resources */ = {
			isa = PBXResourcesBuildPhase;
			buildActionMask = 2147483647;
			files = (
				8C6175E7D4401E660D1F31DF /* Assets.xcassets in Resources */,
							6193DEA7077B67B609884F5E /* MainWindowController.swift in Sources */,
							A5B6EC62F6A38B7F074CB318 /* PreferencesWindowController.swift in Sources */,
			);
			runOnlyForDeploymentPostprocessing = 0;
		};
/* End PBXResourcesBuildPhase section */

/* Begin PBXSourcesBuildPhase section */
		A7BB88F141516E17F21602B2 /* Sources */ = {
			isa = PBXSourcesBuildPhase;
			buildActionMask = 2147483647;
			files = (
				11B53EA8001DAFC851F2C6F0 /* AppDelegate.swift in Sources */,
				02BD79CDDC09A9086DDA141E /* MainViewController.swift in Sources */,
				08E1E447BFBA4F7468CED955 /* ClipboardManager.swift in Sources */,
				12E3EB78F6FC2216005D79AB /* ClipboardViewController.swift in Sources */,
					BB001122334455667788AA03 /* SonosViewController.swift in Sources */,
					BB001122334455667788AA01 /* SonosManager.swift in Sources */,
					B0B77E0928774DCEAFB134A2 /* AppPreferences.swift in Sources */,
					0F80344214EB4770B3A56FDB /* SettingsViewController.swift in Sources */,
				97FFC61C3BE0F5010A9D3575 /* ColorPickerViewController.swift in Sources */,
                                6193DEA7077B67B609884F5E /* MainWindowController.swift in Sources */,
                                A5B6EC62F6A38B7F074CB318 /* PreferencesWindowController.swift in Sources */,
			);
			runOnlyForDeploymentPostprocessing = 0;
		};
/* End PBXSourcesBuildPhase section */

/* Begin XCBuildConfiguration section */
		2873A659FDF19DF40489ED8D /* Debug */ = {
			isa = XCBuildConfiguration;
			buildSettings = {
				ASSETCATALOG_COMPILER_APPICON_NAME = AppIcon;
				ASSETCATALOG_COMPILER_GLOBAL_ACCENT_COLOR_NAME = AccentColor;
				CODE_SIGN_ENTITLEMENTS = bartool/bartool.entitlements;
				CODE_SIGN_STYLE = Automatic;
				COMBINE_HIDPI_IMAGES = YES;
				DEAD_CODE_STRIPPING = YES;
				INFOPLIST_FILE = bartool/Info.plist;
				LD_RUNPATH_SEARCH_PATHS = (
					"$(inherited)",
					"@executable_path/../Frameworks",
				);
				MACOSX_DEPLOYMENT_TARGET = 13.0;
				PRODUCT_BUNDLE_IDENTIFIER = com.bartool.bartool;
				PRODUCT_NAME = "$(TARGET_NAME)";
				SWIFT_EMIT_LOC_STRINGS = YES;
				SWIFT_VERSION = 5.0;
			};
			name = Debug;
		};
		2CA5D6012116252380849DA8 /* Debug */ = {
			isa = XCBuildConfiguration;
			buildSettings = {
				ALWAYS_SEARCH_USER_PATHS = NO;
				ASSET_CATALOG_COMPILER_OPTIMIZATION = space;
				CLANG_ANALYZER_NONNULL = YES;
				CLANG_ANALYZER_NUMBER_OBJECT_CONVERSION = YES_AGGRESSIVE;
				CLANG_CXX_LANGUAGE_STANDARD = "gnu++20";
				CLANG_ENABLE_MODULES = YES;
				CLANG_ENABLE_OBJC_ARC = YES;
				CLANG_ENABLE_OBJC_WEAK = YES;
				CLANG_WARN_BLOCK_CAPTURE_AUTORELEASING = YES;
				CLANG_WARN_BOOL_CONVERSION = YES;
				CLANG_WARN_COMMA = YES;
				CLANG_WARN_CONSTANT_CONVERSION = YES;
				CLANG_WARN_DEPRECATED_OBJC_IMPLEMENTATIONS = YES;
				CLANG_WARN_DIRECT_OBJC_ISA_USAGE = YES_ERROR;
				CLANG_WARN_DOCUMENTATION_COMMENTS = YES;
				CLANG_WARN_EMPTY_BODY = YES;
				CLANG_WARN_ENUM_CONVERSION = YES;
				CLANG_WARN_INFINITE_RECURSION = YES;
				CLANG_WARN_INT_CONVERSION = YES;
				CLANG_WARN_NON_LITERAL_NULL_CONVERSION = YES;
				CLANG_WARN_OBJC_IMPLICIT_RETAIN_SELF = YES;
				CLANG_WARN_OBJC_LITERAL_CONVERSION = YES;
				CLANG_WARN_OBJC_ROOT_CLASS = YES_ERROR;
				CLANG_WARN_QUOTED_INCLUDE_IN_FRAMEWORK_HEADER = YES;
				CLANG_WARN_RANGE_LOOP_ANALYSIS = YES;
				CLANG_WARN_STRICT_PROTOTYPES = YES;
				CLANG_WARN_SUSPICIOUS_MOVE = YES;
				CLANG_WARN_UNGUARDED_AVAILABILITY = YES_AGGRESSIVE;
				CLANG_WARN_UNREACHABLE_CODE = YES;
				CLANG_WARN__DUPLICATE_METHOD_MATCH = YES;
				COPY_PHASE_STRIP = NO;
				DEAD_CODE_STRIPPING = YES;
				DEBUG_INFORMATION_FORMAT = dwarf;
				DEVELOPMENT_TEAM = 3HWJNCF3Y3;
				ENABLE_STRICT_OBJC_MSGSEND = YES;
				ENABLE_TESTABILITY = YES;
				ENABLE_USER_SCRIPT_SANDBOXING = YES;
				GCC_C_LANGUAGE_STANDARD = gnu17;
				GCC_DYNAMIC_NO_PIC = NO;
				GCC_NO_COMMON_BLOCKS = YES;
				GCC_OPTIMIZATION_LEVEL = 0;
				GCC_PREPROCESSOR_DEFINITIONS = (
					"DEBUG=1",
					"$(inherited)",
				);
				GCC_WARN_64_TO_32_BIT_CONVERSION = YES;
				GCC_WARN_ABOUT_RETURN_TYPE = YES_ERROR;
				GCC_WARN_UNDECLARED_SELECTOR = YES;
				GCC_WARN_UNINITIALIZED_AUTOS = YES_AGGRESSIVE;
				GCC_WARN_UNUSED_FUNCTION = YES;
				GCC_WARN_UNUSED_VARIABLE = YES;
				MACOSX_DEPLOYMENT_TARGET = 13.0;
				MTL_ENABLE_DEBUG_INFO = INCLUDE_SOURCE;
				MTL_FAST_MATH = YES;
				ONLY_ACTIVE_ARCH = YES;
				STRING_CATALOG_GENERATE_SYMBOLS = YES;
				SWIFT_ACTIVE_COMPILATION_CONDITIONS = "DEBUG $(inherited)";
				SWIFT_OPTIMIZATION_LEVEL = "-Onone";
			};
			name = Debug;
		};
		6FB96530518CFD57EDFF8597 /* Release */ = {
			isa = XCBuildConfiguration;
			buildSettings = {
				ASSETCATALOG_COMPILER_APPICON_NAME = AppIcon;
				ASSETCATALOG_COMPILER_GLOBAL_ACCENT_COLOR_NAME = AccentColor;
				CODE_SIGN_ENTITLEMENTS = bartool/bartool.entitlements;
				CODE_SIGN_STYLE = Automatic;
				COMBINE_HIDPI_IMAGES = YES;
				DEAD_CODE_STRIPPING = YES;
				INFOPLIST_FILE = bartool/Info.plist;
				LD_RUNPATH_SEARCH_PATHS = (
					"$(inherited)",
					"@executable_path/../Frameworks",
				);
				MACOSX_DEPLOYMENT_TARGET = 13.0;
				PRODUCT_BUNDLE_IDENTIFIER = com.bartool.bartool;
				PRODUCT_NAME = "$(TARGET_NAME)";
				SWIFT_EMIT_LOC_STRINGS = YES;
				SWIFT_VERSION = 5.0;
			};
			name = Release;
		};
		7B18925B3F19C77BDA68BC0B /* Release */ = {
			isa = XCBuildConfiguration;
			buildSettings = {
				ALWAYS_SEARCH_USER_PATHS = NO;
				DEAD_CODE_STRIPPING = YES;
				DEBUG_INFORMATION_FORMAT = "dwarf-with-dsym";
				DEVELOPMENT_TEAM = 3HWJNCF3Y3;
				ENABLE_NS_ASSERTIONS = NO;
				ENABLE_USER_SCRIPT_SANDBOXING = YES;
				MACOSX_DEPLOYMENT_TARGET = 13.0;
				STRING_CATALOG_GENERATE_SYMBOLS = YES;
				SWIFT_COMPILATION_MODE = wholemodule;
				SWIFT_OPTIMIZATION_LEVEL = "-O";
			};
			name = Release;
		};
/* End XCBuildConfiguration section */

/* Begin XCConfigurationList section */
		7F4128559CAD2757E0120A58 /* Build configuration list for PBXProject "bartool" */ = {
			isa = XCConfigurationList;
			buildConfigurations = (
				2CA5D6012116252380849DA8 /* Debug */,
				7B18925B3F19C77BDA68BC0B /* Release */,
			);
			defaultConfigurationIsVisible = 0;
			defaultConfigurationName = Release;
		};
		8E685174BE90EC08320FD218 /* Build configuration list for PBXNativeTarget "bartool" */ = {
			isa = XCConfigurationList;
			buildConfigurations = (
				2873A659FDF19DF40489ED8D /* Debug */,
				6FB96530518CFD57EDFF8597 /* Release */,
			);
			defaultConfigurationIsVisible = 0;
			defaultConfigurationName = Release;
		};
/* End XCConfigurationList section */
	};
	rootObject = 9E727FDD3AEC8274F4668544 /* Project object */;
}
